// !$*UTF8*$!
{
	archiveVersion = 1;
	classes = {
	};
	objectVersion = 51;
	objects = {

/* Begin PBXBuildFile section */
		1EA43931242C7F2500728272 /* CheckBox.swift in Sources */ = {isa = PBXBuildFile; fileRef = 1EA43930242C7F2500728272 /* CheckBox.swift */; };
		1EA43933242D618F00728272 /* TodoTableViewController.swift in Sources */ = {isa = PBXBuildFile; fileRef = 1EA43932242D618F00728272 /* TodoTableViewController.swift */; };
		1EB2E6E3242B3B0700750427 /* AppDelegate.swift in Sources */ = {isa = PBXBuildFile; fileRef = 1EB2E6E2242B3B0700750427 /* AppDelegate.swift */; };
		1EB2E6E5242B3B0700750427 /* SceneDelegate.swift in Sources */ = {isa = PBXBuildFile; fileRef = 1EB2E6E4242B3B0700750427 /* SceneDelegate.swift */; };
		1EB2E6E7242B3B0700750427 /* ViewController.swift in Sources */ = {isa = PBXBuildFile; fileRef = 1EB2E6E6242B3B0700750427 /* ViewController.swift */; };
		1EB2E6EA242B3B0700750427 /* Main.storyboard in Resources */ = {isa = PBXBuildFile; fileRef = 1EB2E6E8242B3B0700750427 /* Main.storyboard */; };
		1EB2E6EC242B3B0800750427 /* Assets.xcassets in Resources */ = {isa = PBXBuildFile; fileRef = 1EB2E6EB242B3B0800750427 /* Assets.xcassets */; };
		1EB2E6EF242B3B0800750427 /* LaunchScreen.storyboard in Resources */ = {isa = PBXBuildFile; fileRef = 1EB2E6ED242B3B0800750427 /* LaunchScreen.storyboard */; };
		1EB2E6F7242B456A00750427 /* Todo.swift in Sources */ = {isa = PBXBuildFile; fileRef = 1EB2E6F6242B456A00750427 /* Todo.swift */; };
		1EB2E704242C564C00750427 /* ListTableViewCell.swift in Sources */ = {isa = PBXBuildFile; fileRef = 1EB2E703242C564C00750427 /* ListTableViewCell.swift */; };
		A7082FE94E81732E26C9ED01 /* Pods_TodoApplication.framework in Frameworks */ = {isa = PBXBuildFile; fileRef = C842E3065CF35CF209680CD0 /* Pods_TodoApplication.framework */; };
/* End PBXBuildFile section */

/* Begin PBXFileReference section */
		1EA43930242C7F2500728272 /* CheckBox.swift */ = {isa = PBXFileReference; lastKnownFileType = sourcecode.swift; path = CheckBox.swift; sourceTree = "<group>"; };
		1EA43932242D618F00728272 /* TodoTableViewController.swift */ = {isa = PBXFileReference; lastKnownFileType = sourcecode.swift; path = TodoTableViewController.swift; sourceTree = "<group>"; };
		1EB2E6DF242B3B0700750427 /* TodoApplication.app */ = {isa = PBXFileReference; explicitFileType = wrapper.application; includeInIndex = 0; path = TodoApplication.app; sourceTree = BUILT_PRODUCTS_DIR; };
		1EB2E6E2242B3B0700750427 /* AppDelegate.swift */ = {isa = PBXFileReference; lastKnownFileType = sourcecode.swift; path = AppDelegate.swift; sourceTree = "<group>"; };
		1EB2E6E4242B3B0700750427 /* SceneDelegate.swift */ = {isa = PBXFileReference; lastKnownFileType = sourcecode.swift; path = SceneDelegate.swift; sourceTree = "<group>"; };
		1EB2E6E6242B3B0700750427 /* ViewController.swift */ = {isa = PBXFileReference; lastKnownFileType = sourcecode.swift; path = ViewController.swift; sourceTree = "<group>"; };
		1EB2E6E9242B3B0700750427 /* Base */ = {isa = PBXFileReference; lastKnownFileType = file.storyboard; name = Base; path = Base.lproj/Main.storyboard; sourceTree = "<group>"; };
		1EB2E6EB242B3B0800750427 /* Assets.xcassets */ = {isa = PBXFileReference; lastKnownFileType = folder.assetcatalog; path = Assets.xcassets; sourceTree = "<group>"; };
		1EB2E6EE242B3B0800750427 /* Base */ = {isa = PBXFileReference; lastKnownFileType = file.storyboard; name = Base; path = Base.lproj/LaunchScreen.storyboard; sourceTree = "<group>"; };
		1EB2E6F0242B3B0800750427 /* Info.plist */ = {isa = PBXFileReference; lastKnownFileType = text.plist.xml; path = Info.plist; sourceTree = "<group>"; };
		1EB2E6F6242B456A00750427 /* Todo.swift */ = {isa = PBXFileReference; lastKnownFileType = sourcecode.swift; path = Todo.swift; sourceTree = "<group>"; };
		1EB2E703242C564C00750427 /* ListTableViewCell.swift */ = {isa = PBXFileReference; lastKnownFileType = sourcecode.swift; path = ListTableViewCell.swift; sourceTree = "<group>"; };
		33A9A516B7FDB6B7765A7481 /* Pods-TodoApplication.release.xcconfig */ = {isa = PBXFileReference; includeInIndex = 1; lastKnownFileType = text.xcconfig; name = "Pods-TodoApplication.release.xcconfig"; path = "Target Support Files/Pods-TodoApplication/Pods-TodoApplication.release.xcconfig"; sourceTree = "<group>"; };
		9310E7616C4BB6C1EFA03DF8 /* Pods-TodoApplication.debug.xcconfig */ = {isa = PBXFileReference; includeInIndex = 1; lastKnownFileType = text.xcconfig; name = "Pods-TodoApplication.debug.xcconfig"; path = "Target Support Files/Pods-TodoApplication/Pods-TodoApplication.debug.xcconfig"; sourceTree = "<group>"; };
		C842E3065CF35CF209680CD0 /* Pods_TodoApplication.framework */ = {isa = PBXFileReference; explicitFileType = wrapper.framework; includeInIndex = 0; path = Pods_TodoApplication.framework; sourceTree = BUILT_PRODUCTS_DIR; };
/* End PBXFileReference section */

/* Begin PBXFrameworksBuildPhase section */
		1EB2E6DC242B3B0700750427 /* Frameworks */ = {
			isa = PBXFrameworksBuildPhase;
			buildActionMask = 2147483647;
			files = (
				A7082FE94E81732E26C9ED01 /* Pods_TodoApplication.framework in Frameworks */,
			);
			runOnlyForDeploymentPostprocessing = 0;
		};
/* End PBXFrameworksBuildPhase section */

/* Begin PBXGroup section */
		0E959936F6D2AF67B380C57E /* Pods */ = {
			isa = PBXGroup;
			children = (
				9310E7616C4BB6C1EFA03DF8 /* Pods-TodoApplication.debug.xcconfig */,
				33A9A516B7FDB6B7765A7481 /* Pods-TodoApplication.release.xcconfig */,
			);
			path = Pods;
			sourceTree = "<group>";
		};
		1EB2E6D6242B3B0700750427 = {
			isa = PBXGroup;
			children = (
				1EB2E6E1242B3B0700750427 /* TodoApplication */,
				1EB2E6E0242B3B0700750427 /* Products */,
				0E959936F6D2AF67B380C57E /* Pods */,
				32FE1D1A68D9B8FC8D41CC3D /* Frameworks */,
			);
			sourceTree = "<group>";
		};
		1EB2E6E0242B3B0700750427 /* Products */ = {
			isa = PBXGroup;
			children = (
				1EB2E6DF242B3B0700750427 /* TodoApplication.app */,
			);
			name = Products;
			sourceTree = "<group>";
		};
		1EB2E6E1242B3B0700750427 /* TodoApplication */ = {
			isa = PBXGroup;
			children = (
				1EB2E6E2242B3B0700750427 /* AppDelegate.swift */,
				1EB2E6E4242B3B0700750427 /* SceneDelegate.swift */,
				1EB2E6E6242B3B0700750427 /* ViewController.swift */,
				1EB2E6E8242B3B0700750427 /* Main.storyboard */,
				1EB2E6EB242B3B0800750427 /* Assets.xcassets */,
				1EB2E6ED242B3B0800750427 /* LaunchScreen.storyboard */,
				1EB2E6F0242B3B0800750427 /* Info.plist */,
				1EB2E6F6242B456A00750427 /* Todo.swift */,
				1EB2E703242C564C00750427 /* ListTableViewCell.swift */,
				1EA43930242C7F2500728272 /* CheckBox.swift */,
				1EA43932242D618F00728272 /* TodoTableViewController.swift */,
			);
			path = TodoApplication;
			sourceTree = "<group>";
		};
		32FE1D1A68D9B8FC8D41CC3D /* Frameworks */ = {
			isa = PBXGroup;
			children = (
				C842E3065CF35CF209680CD0 /* Pods_TodoApplication.framework */,
			);
			name = Frameworks;
			sourceTree = "<group>";
		};
/* End PBXGroup section */

/* Begin PBXNativeTarget section */
		1EB2E6DE242B3B0700750427 /* TodoApplication */ = {
			isa = PBXNativeTarget;
			buildConfigurationList = 1EB2E6F3242B3B0800750427 /* Build configuration list for PBXNativeTarget "TodoApplication" */;
			buildPhases = (
				0D406D40DFDBE4B86212359E /* [CP] Check Pods Manifest.lock */,
				1EB2E6DB242B3B0700750427 /* Sources */,
				1EB2E6DC242B3B0700750427 /* Frameworks */,
				1EB2E6DD242B3B0700750427 /* Resources */,
				921AECBE6FBFC30CDC4FF983 /* [CP] Embed Pods Frameworks */,
			);
			buildRules = (
			);
			dependencies = (
			);
			name = TodoApplication;
			productName = TodoApplication;
			productReference = 1EB2E6DF242B3B0700750427 /* TodoApplication.app */;
			productType = "com.apple.product-type.application";
		};
/* End PBXNativeTarget section */

/* Begin PBXProject section */
		1EB2E6D7242B3B0700750427 /* Project object */ = {
			isa = PBXProject;
			attributes = {
				LastSwiftUpdateCheck = 1130;
				LastUpgradeCheck = 1130;
				ORGANIZATIONNAME = linear;
				TargetAttributes = {
					1EB2E6DE242B3B0700750427 = {
						CreatedOnToolsVersion = 11.3.1;
					};
				};
			};
			buildConfigurationList = 1EB2E6DA242B3B0700750427 /* Build configuration list for PBXProject "TodoApplication" */;
			compatibilityVersion = "Xcode 9.3";
			developmentRegion = en;
			hasScannedForEncodings = 0;
			knownRegions = (
				en,
				Base,
			);
			mainGroup = 1EB2E6D6242B3B0700750427;
			productRefGroup = 1EB2E6E0242B3B0700750427 /* Products */;
			projectDirPath = "";
			projectRoot = "";
			targets = (
				1EB2E6DE242B3B0700750427 /* TodoApplication */,
			);
		};
/* End PBXProject section */

/* Begin PBXResourcesBuildPhase section */
		1EB2E6DD242B3B0700750427 /* Resources */ = {
			isa = PBXResourcesBuildPhase;
			buildActionMask = 2147483647;
			files = (
				1EB2E6EF242B3B0800750427 /* LaunchScreen.storyboard in Resources */,
				1EB2E6EC242B3B0800750427 /* Assets.xcassets in Resources */,
				1EB2E6EA242B3B0700750427 /* Main.storyboard in Resources */,
			);
			runOnlyForDeploymentPostprocessing = 0;
		};
/* End PBXResourcesBuildPhase section */

/* Begin PBXShellScriptBuildPhase section */
		0D406D40DFDBE4B86212359E /* [CP] Check Pods Manifest.lock */ = {
			isa = PBXShellScriptBuildPhase;
			buildActionMask = 2147483647;
			files = (
			);
			inputFileListPaths = (
			);
			inputPaths = (
				"${PODS_PODFILE_DIR_PATH}/Podfile.lock",
				"${PODS_ROOT}/Manifest.lock",
			);
			name = "[CP] Check Pods Manifest.lock";
			outputFileListPaths = (
			);
			outputPaths = (
				"$(DERIVED_FILE_DIR)/Pods-TodoApplication-checkManifestLockResult.txt",
			);
			runOnlyForDeploymentPostprocessing = 0;
			shellPath = /bin/sh;
			shellScript = "diff \"${PODS_PODFILE_DIR_PATH}/Podfile.lock\" \"${PODS_ROOT}/Manifest.lock\" > /dev/null\nif [ $? != 0 ] ; then\n    # print error to STDERR\n    echo \"error: The sandbox is not in sync with the Podfile.lock. Run 'pod install' or update your CocoaPods installation.\" >&2\n    exit 1\nfi\n# This output is used by Xcode 'outputs' to avoid re-running this script phase.\necho \"SUCCESS\" > \"${SCRIPT_OUTPUT_FILE_0}\"\n";
			showEnvVarsInLog = 0;
		};
		921AECBE6FBFC30CDC4FF983 /* [CP] Embed Pods Frameworks */ = {
			isa = PBXShellScriptBuildPhase;
			buildActionMask = 2147483647;
			files = (
			);
			inputFileListPaths = (
				"${PODS_ROOT}/Target Support Files/Pods-TodoApplication/Pods-TodoApplication-frameworks-${CONFIGURATION}-input-files.xcfilelist",
			);
			name = "[CP] Embed Pods Frameworks";
			outputFileListPaths = (
				"${PODS_ROOT}/Target Support Files/Pods-TodoApplication/Pods-TodoApplication-frameworks-${CONFIGURATION}-output-files.xcfilelist",
			);
			runOnlyForDeploymentPostprocessing = 0;
			shellPath = /bin/sh;
			shellScript = "\"${PODS_ROOT}/Target Support Files/Pods-TodoApplication/Pods-TodoApplication-frameworks.sh\"\n";
			showEnvVarsInLog = 0;
		};
/* End PBXShellScriptBuildPhase section */

/* Begin PBXSourcesBuildPhase section */
		1EB2E6DB242B3B0700750427 /* Sources */ = {
			isa = PBXSourcesBuildPhase;
			buildActionMask = 2147483647;
			files = (
				1EB2E6E7242B3B0700750427 /* ViewController.swift in Sources */,
				1EB2E6E3242B3B0700750427 /* AppDelegate.swift in Sources */,
				1EA43931242C7F2500728272 /* CheckBox.swift in Sources */,
				1EB2E6E5242B3B0700750427 /* SceneDelegate.swift in Sources */,
				1EA43933242D618F00728272 /* TodoTableViewController.swift in Sources */,
				1EB2E6F7242B456A00750427 /* Todo.swift in Sources */,
				1EB2E704242C564C00750427 /* ListTableViewCell.swift in Sources */,
			);
			runOnlyForDeploymentPostprocessing = 0;
		};
/* End PBXSourcesBuildPhase section */

/* Begin PBXVariantGroup section */
		1EB2E6E8242B3B0700750427 /* Main.storyboard */ = {
			isa = PBXVariantGroup;
			children = (
				1EB2E6E9242B3B0700750427 /* Base */,
			);
			name = Main.storyboard;
			sourceTree = "<group>";
		};
		1EB2E6ED242B3B0800750427 /* LaunchScreen.storyboard */ = {
			isa = PBXVariantGroup;
			children = (
				1EB2E6EE242B3B0800750427 /* Base */,
			);
			name = LaunchScreen.storyboard;
			sourceTree = "<group>";
		};
/* End PBXVariantGroup section */

/* Begin XCBuildConfiguration section */
		1EB2E6F1242B3B0800750427 /* Debug */ = {
			isa = XCBuildConfiguration;
			buildSettings = {
				ALWAYS_SEARCH_USER_PATHS = NO;
				CLANG_ANALYZER_NONNULL = YES;
				CLANG_ANALYZER_NUMBER_OBJECT_CONVERSION = YES_AGGRESSIVE;
				CLANG_CXX_LANGUAGE_STANDARD = "gnu++14";
				CLANG_CXX_LIBRARY = "libc++";
				CLANG_ENABLE_MODULES = YES;
				CLANG_ENABLE_OBJC_ARC = YES;
				CLANG_ENABLE_OBJC_WEAK = YES;
				CLANG_WARN_BLOCK_CAPTURE_AUTORELEASING = YES;
				CLANG_WARN_BOOL_CONVERSION = YES;
				CLANG_WARN_COMMA = YES;
				CLANG_WARN_CONSTANT_CONVERSION = YES;
				CLANG_WARN_DEPRECATED_OBJC_IMPLEMENTATIONS = YES;
				CLANG_WARN_DIRECT_OBJC_ISA_USAGE = YES_ERROR;
				CLANG_WARN_DOCUMENTATION_COMMENTS = YES;
				CLANG_WARN_EMPTY_BODY = YES;
				CLANG_WARN_ENUM_CONVERSION = YES;
				CLANG_WARN_INFINITE_RECURSION = YES;
				CLANG_WARN_INT_CONVERSION = YES;
				CLANG_WARN_NON_LITERAL_NULL_CONVERSION = YES;
				CLANG_WARN_OBJC_IMPLICIT_RETAIN_SELF = YES;
				CLANG_WARN_OBJC_LITERAL_CONVERSION = YES;
				CLANG_WARN_OBJC_ROOT_CLASS = YES_ERROR;
				CLANG_WARN_RANGE_LOOP_ANALYSIS = YES;
				CLANG_WARN_STRICT_PROTOTYPES = YES;
				CLANG_WARN_SUSPICIOUS_MOVE = YES;
				CLANG_WARN_UNGUARDED_AVAILABILITY = YES_AGGRESSIVE;
				CLANG_WARN_UNREACHABLE_CODE = YES;
				CLANG_WARN__DUPLICATE_METHOD_MATCH = YES;
				COPY_PHASE_STRIP = NO;
				DEBUG_INFORMATION_FORMAT = dwarf;
				ENABLE_STRICT_OBJC_MSGSEND = YES;
				ENABLE_TESTABILITY = YES;
				GCC_C_LANGUAGE_STANDARD = gnu11;
				GCC_DYNAMIC_NO_PIC = NO;
				GCC_NO_COMMON_BLOCKS = YES;
				GCC_OPTIMIZATION_LEVEL = 0;
				GCC_PREPROCESSOR_DEFINITIONS = (
					"DEBUG=1",
					"$(inherited)",
				);
				GCC_WARN_64_TO_32_BIT_CONVERSION = YES;
				GCC_WARN_ABOUT_RETURN_TYPE = YES_ERROR;
				GCC_WARN_UNDECLARED_SELECTOR = YES;
				GCC_WARN_UNINITIALIZED_AUTOS = YES_AGGRESSIVE;
				GCC_WARN_UNUSED_FUNCTION = YES;
				GCC_WARN_UNUSED_VARIABLE = YES;
				IPHONEOS_DEPLOYMENT_TARGET = 9.0;
				MTL_ENABLE_DEBUG_INFO = INCLUDE_SOURCE;
				MTL_FAST_MATH = YES;
				ONLY_ACTIVE_ARCH = YES;
				SDKROOT = iphoneos;
				SWIFT_ACTIVE_COMPILATION_CONDITIONS = DEBUG;
				SWIFT_OPTIMIZATION_LEVEL = "-Onone";
			};
			name = Debug;
		};
		1EB2E6F2242B3B0800750427 /* Release */ = {
			isa = XCBuildConfiguration;
			buildSettings = {
				ALWAYS_SEARCH_USER_PATHS = NO;
				CLANG_ANALYZER_NONNULL = YES;
				CLANG_ANALYZER_NUMBER_OBJECT_CONVERSION = YES_AGGRESSIVE;
				CLANG_CXX_LANGUAGE_STANDARD = "gnu++14";
				CLANG_CXX_LIBRARY = "libc++";
				CLANG_ENABLE_MODULES = YES;
				CLANG_ENABLE_OBJC_ARC = YES;
				CLANG_ENABLE_OBJC_WEAK = YES;
				CLANG_WARN_BLOCK_CAPTURE_AUTORELEASING = YES;
				CLANG_WARN_BOOL_CONVERSION = YES;
				CLANG_WARN_COMMA = YES;
				CLANG_WARN_CONSTANT_CONVERSION = YES;
				CLANG_WARN_DEPRECATED_OBJC_IMPLEMENTATIONS = YES;
				CLANG_WARN_DIRECT_OBJC_ISA_USAGE = YES_ERROR;
				CLANG_WARN_DOCUMENTATION_COMMENTS = YES;
				CLANG_WARN_EMPTY_BODY = YES;
				CLANG_WARN_ENUM_CONVERSION = YES;
				CLANG_WARN_INFINITE_RECURSION = YES;
				CLANG_WARN_INT_CONVERSION = YES;
				CLANG_WARN_NON_LITERAL_NULL_CONVERSION = YES;
				CLANG_WARN_OBJC_IMPLICIT_RETAIN_SELF = YES;
				CLANG_WARN_OBJC_LITERAL_CONVERSION = YES;
				CLANG_WARN_OBJC_ROOT_CLASS = YES_ERROR;
				CLANG_WARN_RANGE_LOOP_ANALYSIS = YES;
				CLANG_WARN_STRICT_PROTOTYPES = YES;
				CLANG_WARN_SUSPICIOUS_MOVE = YES;
				CLANG_WARN_UNGUARDED_AVAILABILITY = YES_AGGRESSIVE;
				CLANG_WARN_UNREACHABLE_CODE = YES;
				CLANG_WARN__DUPLICATE_METHOD_MATCH = YES;
				COPY_PHASE_STRIP = NO;
				DEBUG_INFORMATION_FORMAT = "dwarf-with-dsym";
				ENABLE_NS_ASSERTIONS = NO;
				ENABLE_STRICT_OBJC_MSGSEND = YES;
				GCC_C_LANGUAGE_STANDARD = gnu11;
				GCC_NO_COMMON_BLOCKS = YES;
				GCC_WARN_64_TO_32_BIT_CONVERSION = YES;
				GCC_WARN_ABOUT_RETURN_TYPE = YES_ERROR;
				GCC_WARN_UNDECLARED_SELECTOR = YES;
				GCC_WARN_UNINITIALIZED_AUTOS = YES_AGGRESSIVE;
				GCC_WARN_UNUSED_FUNCTION = YES;
				GCC_WARN_UNUSED_VARIABLE = YES;
				IPHONEOS_DEPLOYMENT_TARGET = 9.0;
				MTL_ENABLE_DEBUG_INFO = NO;
				MTL_FAST_MATH = YES;
				SDKROOT = iphoneos;
				SWIFT_COMPILATION_MODE = wholemodule;
				SWIFT_OPTIMIZATION_LEVEL = "-O";
				VALIDATE_PRODUCT = YES;
			};
			name = Release;
		};
		1EB2E6F4242B3B0800750427 /* Debug */ = {
			isa = XCBuildConfiguration;
			baseConfigurationReference = 9310E7616C4BB6C1EFA03DF8 /* Pods-TodoApplication.debug.xcconfig */;
			buildSettings = {
				ASSETCATALOG_COMPILER_APPICON_NAME = AppIcon;
				CODE_SIGN_STYLE = Automatic;
				DEVELOPMENT_TEAM = XR3UW32WU4;
				INFOPLIST_FILE = TodoApplication/Info.plist;
				LD_RUNPATH_SEARCH_PATHS = (
					"$(inherited)",
					"@executable_path/Frameworks",
				);
				MARKETING_VERSION = 1.0.0;
				PRODUCT_BUNDLE_IDENTIFIER = app.example.hirossan.TodoApplication;
				PRODUCT_NAME = "$(TARGET_NAME)";
				SWIFT_VERSION = 5.0;
				TARGETED_DEVICE_FAMILY = "1,2";
			};
			name = Debug;
		};
		1EB2E6F5242B3B0800750427 /* Release */ = {
			isa = XCBuildConfiguration;
			baseConfigurationReference = 33A9A516B7FDB6B7765A7481 /* Pods-TodoApplication.release.xcconfig */;
			buildSettings = {
				ASSETCATALOG_COMPILER_APPICON_NAME = AppIcon;
				CODE_SIGN_STYLE = Automatic;
				DEVELOPMENT_TEAM = XR3UW32WU4;
				INFOPLIST_FILE = TodoApplication/Info.plist;
				LD_RUNPATH_SEARCH_PATHS = (
					"$(inherited)",
					"@executable_path/Frameworks",
				);
				MARKETING_VERSION = 1.0.0;
				PRODUCT_BUNDLE_IDENTIFIER = app.example.hirossan.TodoApplication;
				PRODUCT_NAME = "$(TARGET_NAME)";
				SWIFT_VERSION = 5.0;
				TARGETED_DEVICE_FAMILY = "1,2";
			};
			name = Release;
		};
/* End XCBuildConfiguration section */

/* Begin XCConfigurationList section */
		1EB2E6DA242B3B0700750427 /* Build configuration list for PBXProject "TodoApplication" */ = {
			isa = XCConfigurationList;
			buildConfigurations = (
				1EB2E6F1242B3B0800750427 /* Debug */,
				1EB2E6F2242B3B0800750427 /* Release */,
			);
			defaultConfigurationIsVisible = 0;
			defaultConfigurationName = Release;
		};
		1EB2E6F3242B3B0800750427 /* Build configuration list for PBXNativeTarget "TodoApplication" */ = {
			isa = XCConfigurationList;
			buildConfigurations = (
				1EB2E6F4242B3B0800750427 /* Debug */,
				1EB2E6F5242B3B0800750427 /* Release */,
			);
			defaultConfigurationIsVisible = 0;
			defaultConfigurationName = Release;
		};
/* End XCConfigurationList section */
	};
	rootObject = 1EB2E6D7242B3B0700750427 /* Project object */;
}
